
Microsoft Visual Studio Solution File, Format Version 12.00
# Visual Studio 15
VisualStudioVersion = 15.0.26430.16
MinimumVisualStudioVersion = 10.0.40219.1
Project("{E24C65DC-7377-472B-9ABA-BC803B73C61A}") = "Lab4Website", ".", "{ED2B88AE-78D1-4E7F-878B-59CD17032FFF}"
	ProjectSection(WebsiteProperties) = preProject
		TargetFrameworkMoniker = ".NETFramework,Version%3Dv4.5.2"
		Debug.AspNetCompiler.VirtualPath = "/localhost_52763"
		Debug.AspNetCompiler.PhysicalPath = "..\Lab4Website\"
		Debug.AspNetCompiler.TargetPath = "PrecompiledWeb\localhost_52763\"
		Debug.AspNetCompiler.Updateable = "true"
		Debug.AspNetCompiler.ForceOverwrite = "true"
		Debug.AspNetCompiler.FixedNames = "false"
		Debug.AspNetCompiler.Debug = "True"
		Release.AspNetCompiler.VirtualPath = "/localhost_52763"
		Release.AspNetCompiler.PhysicalPath = "..\Lab4Website\"
		Release.AspNetCompiler.TargetPath = "PrecompiledWeb\localhost_52763\"
		Release.AspNetCompiler.Updateable = "true"
		Release.AspNetCompiler.ForceOverwrite = "true"
		Release.AspNetCompiler.FixedNames = "false"
		Release.AspNetCompiler.Debug = "False"
		VWDPort = "52763"
		SlnRelativePath = "..\Lab4Website\"
	EndProjectSection
EndProject
Global
	GlobalSection(SolutionConfigurationPlatforms) = preSolution
		Debug|Any CPU = Debug|Any CPU
	EndGlobalSection
	GlobalSection(ProjectConfigurationPlatforms) = postSolution
		{ED2B88AE-78D1-4E7F-878B-59CD17032FFF}.Debug|Any CPU.ActiveCfg = Debug|Any CPU
		{ED2B88AE-78D1-4E7F-878B-59CD17032FFF}.Debug|Any CPU.Build.0 = Debug|Any CPU
	EndGlobalSection
	GlobalSection(SolutionProperties) = preSolution
		HideSolutionNode = FALSE
	EndGlobalSection
EndGlobal
